
Microsoft Visual Studio Solution File, Format Version 12.00
# Visual Studio Version 17
VisualStudioVersion = 17.1.32328.378
MinimumVisualStudioVersion = 10.0.40219.1
Project("{8BC9CEB8-8B4A-11D0-8D11-00A0C91BC942}") = "DZZZZ", "DZZZZ.vcxproj", "{4ECA4E89-8BEE-4E57-B54D-6FFE30AC47AA}"
EndProject
Global
	GlobalSection(SolutionConfigurationPlatforms) = preSolution
		Debug|x64 = Debug|x64
		Debug|x86 = Debug|x86
		Release|x64 = Release|x64
		Release|x86 = Release|x86
	EndGlobalSection
	GlobalSection(ProjectConfigurationPlatforms) = postSolution
		{4ECA4E89-8BEE-4E57-B54D-6FFE30AC47AA}.Debug|x64.ActiveCfg = Debug|x64
		{4ECA4E89-8BEE-4E57-B54D-6FFE30AC47AA}.Debug|x64.Build.0 = Debug|x64
		{4ECA4E89-8BEE-4E57-B54D-6FFE30AC47AA}.Debug|x86.ActiveCfg = Debug|Win32
		{4ECA4E89-8BEE-4E57-B54D-6FFE30AC47AA}.Debug|x86.Build.0 = Debug|Win32
		{4ECA4E89-8BEE-4E57-B54D-6FFE30AC47AA}.Release|x64.ActiveCfg = Release|x64
		{4ECA4E89-8BEE-4E57-B54D-6FFE30AC47AA}.Release|x64.Build.0 = Release|x64
		{4ECA4E89-8BEE-4E57-B54D-6FFE30AC47AA}.Release|x86.ActiveCfg = Release|Win32
		{4ECA4E89-8BEE-4E57-B54D-6FFE30AC47AA}.Release|x86.Build.0 = Release|Win32
	EndGlobalSection
	GlobalSection(SolutionProperties) = preSolution
		HideSolutionNode = FALSE
	EndGlobalSection
	GlobalSection(ExtensibilityGlobals) = postSolution
		SolutionGuid = {6FCB5468-80AE-4BF3-8DFD-5BFF625CE92B}
	EndGlobalSection
EndGlobal
